// !$*UTF8*$!
{
	archiveVersion = 1;
	classes = {
	};
	objectVersion = 56;
	objects = {

/* Begin PBXBuildFile section */
		14977E302A68C4320013258A /* ControlViewController.swift in Sources */ = {isa = PBXBuildFile; fileRef = 14977E2F2A68C4320013258A /* ControlViewController.swift */; };
		1498B5432A7114DA00CE3E93 /* InfoEnum.swift in Sources */ = {isa = PBXBuildFile; fileRef = 1498B5422A7114DA00CE3E93 /* InfoEnum.swift */; };
		14C1845E2A666FFC00D0FBA1 /* AppDelegate.swift in Sources */ = {isa = PBXBuildFile; fileRef = 14C1845D2A666FFC00D0FBA1 /* AppDelegate.swift */; };
		14C184602A666FFC00D0FBA1 /* SceneDelegate.swift in Sources */ = {isa = PBXBuildFile; fileRef = 14C1845F2A666FFC00D0FBA1 /* SceneDelegate.swift */; };
		14C184652A666FFC00D0FBA1 /* Main.storyboard in Resources */ = {isa = PBXBuildFile; fileRef = 14C184632A666FFC00D0FBA1 /* Main.storyboard */; };
		14C184672A666FFE00D0FBA1 /* Assets.xcassets in Resources */ = {isa = PBXBuildFile; fileRef = 14C184662A666FFE00D0FBA1 /* Assets.xcassets */; };
		14C1846A2A666FFE00D0FBA1 /* LaunchScreen.storyboard in Resources */ = {isa = PBXBuildFile; fileRef = 14C184682A666FFE00D0FBA1 /* LaunchScreen.storyboard */; };
		14C184722A66862800D0FBA1 /* SignUpViewController.swift in Sources */ = {isa = PBXBuildFile; fileRef = 14C184712A66862800D0FBA1 /* SignUpViewController.swift */; };
		14C184942A67700000D0FBA1 /* MovieViewController.swift in Sources */ = {isa = PBXBuildFile; fileRef = 14C184932A67700000D0FBA1 /* MovieViewController.swift */; };
		14C184962A67700D00D0FBA1 /* DetailViewController.swift in Sources */ = {isa = PBXBuildFile; fileRef = 14C184952A67700D00D0FBA1 /* DetailViewController.swift */; };
		14C184982A67A70C00D0FBA1 /* BoardViewController.swift in Sources */ = {isa = PBXBuildFile; fileRef = 14C184972A67A70C00D0FBA1 /* BoardViewController.swift */; };
/* End PBXBuildFile section */

/* Begin PBXFileReference section */
		14977E2F2A68C4320013258A /* ControlViewController.swift */ = {isa = PBXFileReference; lastKnownFileType = sourcecode.swift; path = ControlViewController.swift; sourceTree = "<group>"; };
		1498B5422A7114DA00CE3E93 /* InfoEnum.swift */ = {isa = PBXFileReference; lastKnownFileType = sourcecode.swift; path = InfoEnum.swift; sourceTree = "<group>"; };
		14C1845A2A666FFC00D0FBA1 /* hoonflix.app */ = {isa = PBXFileReference; explicitFileType = wrapper.application; includeInIndex = 0; path = hoonflix.app; sourceTree = BUILT_PRODUCTS_DIR; };
		14C1845D2A666FFC00D0FBA1 /* AppDelegate.swift */ = {isa = PBXFileReference; lastKnownFileType = sourcecode.swift; path = AppDelegate.swift; sourceTree = "<group>"; };
		14C1845F2A666FFC00D0FBA1 /* SceneDelegate.swift */ = {isa = PBXFileReference; lastKnownFileType = sourcecode.swift; path = SceneDelegate.swift; sourceTree = "<group>"; };
		14C184642A666FFC00D0FBA1 /* Base */ = {isa = PBXFileReference; lastKnownFileType = file.storyboard; name = Base; path = Base.lproj/Main.storyboard; sourceTree = "<group>"; };
		14C184662A666FFE00D0FBA1 /* Assets.xcassets */ = {isa = PBXFileReference; lastKnownFileType = folder.assetcatalog; path = Assets.xcassets; sourceTree = "<group>"; };
		14C184692A666FFE00D0FBA1 /* Base */ = {isa = PBXFileReference; lastKnownFileType = file.storyboard; name = Base; path = Base.lproj/LaunchScreen.storyboard; sourceTree = "<group>"; };
		14C1846B2A666FFE00D0FBA1 /* Info.plist */ = {isa = PBXFileReference; lastKnownFileType = text.plist.xml; path = Info.plist; sourceTree = "<group>"; };
		14C184712A66862800D0FBA1 /* SignUpViewController.swift */ = {isa = PBXFileReference; lastKnownFileType = sourcecode.swift; path = SignUpViewController.swift; sourceTree = "<group>"; };
		14C184932A67700000D0FBA1 /* MovieViewController.swift */ = {isa = PBXFileReference; lastKnownFileType = sourcecode.swift; path = MovieViewController.swift; sourceTree = "<group>"; };
		14C184952A67700D00D0FBA1 /* DetailViewController.swift */ = {isa = PBXFileReference; lastKnownFileType = sourcecode.swift; path = DetailViewController.swift; sourceTree = "<group>"; };
		14C184972A67A70C00D0FBA1 /* BoardViewController.swift */ = {isa = PBXFileReference; lastKnownFileType = sourcecode.swift; path = BoardViewController.swift; sourceTree = "<group>"; };
/* End PBXFileReference section */

/* Begin PBXFrameworksBuildPhase section */
		14C184572A666FFC00D0FBA1 /* Frameworks */ = {
			isa = PBXFrameworksBuildPhase;
			buildActionMask = 2147483647;
			files = (
			);
			runOnlyForDeploymentPostprocessing = 0;
		};
/* End PBXFrameworksBuildPhase section */

/* Begin PBXGroup section */
		14C184512A666FFC00D0FBA1 = {
			isa = PBXGroup;
			children = (
				14C1845C2A666FFC00D0FBA1 /* hoonflix */,
				14C1845B2A666FFC00D0FBA1 /* Products */,
			);
			sourceTree = "<group>";
		};
		14C1845B2A666FFC00D0FBA1 /* Products */ = {
			isa = PBXGroup;
			children = (
				14C1845A2A666FFC00D0FBA1 /* hoonflix.app */,
			);
			name = Products;
			sourceTree = "<group>";
		};
		14C1845C2A666FFC00D0FBA1 /* hoonflix */ = {
			isa = PBXGroup;
			children = (
				14C1845D2A666FFC00D0FBA1 /* AppDelegate.swift */,
				14C1845F2A666FFC00D0FBA1 /* SceneDelegate.swift */,
				14C184712A66862800D0FBA1 /* SignUpViewController.swift */,
				1498B5422A7114DA00CE3E93 /* InfoEnum.swift */,
				14C184932A67700000D0FBA1 /* MovieViewController.swift */,
				14C184972A67A70C00D0FBA1 /* BoardViewController.swift */,
				14C184952A67700D00D0FBA1 /* DetailViewController.swift */,
				14977E2F2A68C4320013258A /* ControlViewController.swift */,
				14C184632A666FFC00D0FBA1 /* Main.storyboard */,
				14C184662A666FFE00D0FBA1 /* Assets.xcassets */,
				14C184682A666FFE00D0FBA1 /* LaunchScreen.storyboard */,
				14C1846B2A666FFE00D0FBA1 /* Info.plist */,
			);
			path = hoonflix;
			sourceTree = "<group>";
		};
/* End PBXGroup section */

/* Begin PBXNativeTarget section */
		14C184592A666FFC00D0FBA1 /* hoonflix */ = {
			isa = PBXNativeTarget;
			buildConfigurationList = 14C1846E2A666FFE00D0FBA1 /* Build configuration list for PBXNativeTarget "hoonflix" */;
			buildPhases = (
				14C184562A666FFC00D0FBA1 /* Sources */,
				14C184572A666FFC00D0FBA1 /* Frameworks */,
				14C184582A666FFC00D0FBA1 /* Resources */,
			);
			buildRules = (
			);
			dependencies = (
			);
			name = hoonflix;
			productName = hoonflix;
			productReference = 14C1845A2A666FFC00D0FBA1 /* hoonflix.app */;
			productType = "com.apple.product-type.application";
		};
/* End PBXNativeTarget section */

/* Begin PBXProject section */
		14C184522A666FFC00D0FBA1 /* Project object */ = {
			isa = PBXProject;
			attributes = {
				BuildIndependentTargetsInParallel = 1;
				LastSwiftUpdateCheck = 1430;
				LastUpgradeCheck = 1430;
				TargetAttributes = {
					14C184592A666FFC00D0FBA1 = {
						CreatedOnToolsVersion = 14.3.1;
					};
				};
			};
			buildConfigurationList = 14C184552A666FFC00D0FBA1 /* Build configuration list for PBXProject "hoonflix" */;
			compatibilityVersion = "Xcode 14.0";
			developmentRegion = en;
			hasScannedForEncodings = 0;
			knownRegions = (
				en,
				Base,
			);
			mainGroup = 14C184512A666FFC00D0FBA1;
			productRefGroup = 14C1845B2A666FFC00D0FBA1 /* Products */;
			projectDirPath = "";
			projectRoot = "";
			targets = (
				14C184592A666FFC00D0FBA1 /* hoonflix */,
			);
		};
/* End PBXProject section */

/* Begin PBXResourcesBuildPhase section */
		14C184582A666FFC00D0FBA1 /* Resources */ = {
			isa = PBXResourcesBuildPhase;
			buildActionMask = 2147483647;
			files = (
				14C1846A2A666FFE00D0FBA1 /* LaunchScreen.storyboard in Resources */,
				14C184672A666FFE00D0FBA1 /* Assets.xcassets in Resources */,
				14C184652A666FFC00D0FBA1 /* Main.storyboard in Resources */,
			);
			runOnlyForDeploymentPostprocessing = 0;
		};
/* End PBXResourcesBuildPhase section */

/* Begin PBXSourcesBuildPhase section */
		14C184562A666FFC00D0FBA1 /* Sources */ = {
			isa = PBXSourcesBuildPhase;
			buildActionMask = 2147483647;
			files = (
				14C184982A67A70C00D0FBA1 /* BoardViewController.swift in Sources */,
				14C184942A67700000D0FBA1 /* MovieViewController.swift in Sources */,
				1498B5432A7114DA00CE3E93 /* InfoEnum.swift in Sources */,
				14C1845E2A666FFC00D0FBA1 /* AppDelegate.swift in Sources */,
				14C184962A67700D00D0FBA1 /* DetailViewController.swift in Sources */,
				14C184602A666FFC00D0FBA1 /* SceneDelegate.swift in Sources */,
				14C184722A66862800D0FBA1 /* SignUpViewController.swift in Sources */,
				14977E302A68C4320013258A /* ControlViewController.swift in Sources */,
			);
			runOnlyForDeploymentPostprocessing = 0;
		};
/* End PBXSourcesBuildPhase section */

/* Begin PBXVariantGroup section */
		14C184632A666FFC00D0FBA1 /* Main.storyboard */ = {
			isa = PBXVariantGroup;
			children = (
				14C184642A666FFC00D0FBA1 /* Base */,
			);
			name = Main.storyboard;
			sourceTree = "<group>";
		};
		14C184682A666FFE00D0FBA1 /* LaunchScreen.storyboard */ = {
			isa = PBXVariantGroup;
			children = (
				14C184692A666FFE00D0FBA1 /* Base */,
			);
			name = LaunchScreen.storyboard;
			sourceTree = "<group>";
		};
/* End PBXVariantGroup section */

/* Begin XCBuildConfiguration section */
		14C1846C2A666FFE00D0FBA1 /* Debug */ = {
			isa = XCBuildConfiguration;
			buildSettings = {
				ALWAYS_SEARCH_USER_PATHS = NO;
				CLANG_ANALYZER_NONNULL = YES;
				CLANG_ANALYZER_NUMBER_OBJECT_CONVERSION = YES_AGGRESSIVE;
				CLANG_CXX_LANGUAGE_STANDARD = "gnu++20";
				CLANG_ENABLE_MODULES = YES;
				CLANG_ENABLE_OBJC_ARC = YES;
				CLANG_ENABLE_OBJC_WEAK = YES;
				CLANG_WARN_BLOCK_CAPTURE_AUTORELEASING = YES;
				CLANG_WARN_BOOL_CONVERSION = YES;
				CLANG_WARN_COMMA = YES;
				CLANG_WARN_CONSTANT_CONVERSION = YES;
				CLANG_WARN_DEPRECATED_OBJC_IMPLEMENTATIONS = YES;
				CLANG_WARN_DIRECT_OBJC_ISA_USAGE = YES_ERROR;
				CLANG_WARN_DOCUMENTATION_COMMENTS = YES;
				CLANG_WARN_EMPTY_BODY = YES;
				CLANG_WARN_ENUM_CONVERSION = YES;
				CLANG_WARN_INFINITE_RECURSION = YES;
				CLANG_WARN_INT_CONVERSION = YES;
				CLANG_WARN_NON_LITERAL_NULL_CONVERSION = YES;
				CLANG_WARN_OBJC_IMPLICIT_RETAIN_SELF = YES;
				CLANG_WARN_OBJC_LITERAL_CONVERSION = YES;
				CLANG_WARN_OBJC_ROOT_CLASS = YES_ERROR;
				CLANG_WARN_QUOTED_INCLUDE_IN_FRAMEWORK_HEADER = YES;
				CLANG_WARN_RANGE_LOOP_ANALYSIS = YES;
				CLANG_WARN_STRICT_PROTOTYPES = YES;
				CLANG_WARN_SUSPICIOUS_MOVE = YES;
				CLANG_WARN_UNGUARDED_AVAILABILITY = YES_AGGRESSIVE;
				CLANG_WARN_UNREACHABLE_CODE = YES;
				CLANG_WARN__DUPLICATE_METHOD_MATCH = YES;
				COPY_PHASE_STRIP = NO;
				DEBUG_INFORMATION_FORMAT = dwarf;
				ENABLE_STRICT_OBJC_MSGSEND = YES;
				ENABLE_TESTABILITY = YES;
				GCC_C_LANGUAGE_STANDARD = gnu11;
				GCC_DYNAMIC_NO_PIC = NO;
				GCC_NO_COMMON_BLOCKS = YES;
				GCC_OPTIMIZATION_LEVEL = 0;
				GCC_PREPROCESSOR_DEFINITIONS = (
					"DEBUG=1",
					"$(inherited)",
				);
				GCC_WARN_64_TO_32_BIT_CONVERSION = YES;
				GCC_WARN_ABOUT_RETURN_TYPE = YES_ERROR;
				GCC_WARN_UNDECLARED_SELECTOR = YES;
				GCC_WARN_UNINITIALIZED_AUTOS = YES_AGGRESSIVE;
				GCC_WARN_UNUSED_FUNCTION = YES;
				GCC_WARN_UNUSED_VARIABLE = YES;
				IPHONEOS_DEPLOYMENT_TARGET = 16.0;
				MTL_ENABLE_DEBUG_INFO = INCLUDE_SOURCE;
				MTL_FAST_MATH = YES;
				ONLY_ACTIVE_ARCH = YES;
				SDKROOT = iphoneos;
				SWIFT_ACTIVE_COMPILATION_CONDITIONS = DEBUG;
				SWIFT_OPTIMIZATION_LEVEL = "-Onone";
			};
			name = Debug;
		};
		14C1846D2A666FFE00D0FBA1 /* Release */ = {
			isa = XCBuildConfiguration;
			buildSettings = {
				ALWAYS_SEARCH_USER_PATHS = NO;
				CLANG_ANALYZER_NONNULL = YES;
				CLANG_ANALYZER_NUMBER_OBJECT_CONVERSION = YES_AGGRESSIVE;
				CLANG_CXX_LANGUAGE_STANDARD = "gnu++20";
				CLANG_ENABLE_MODULES = YES;
				CLANG_ENABLE_OBJC_ARC = YES;
				CLANG_ENABLE_OBJC_WEAK = YES;
				CLANG_WARN_BLOCK_CAPTURE_AUTORELEASING = YES;
				CLANG_WARN_BOOL_CONVERSION = YES;
				CLANG_WARN_COMMA = YES;
				CLANG_WARN_CONSTANT_CONVERSION = YES;
				CLANG_WARN_DEPRECATED_OBJC_IMPLEMENTATIONS = YES;
				CLANG_WARN_DIRECT_OBJC_ISA_USAGE = YES_ERROR;
				CLANG_WARN_DOCUMENTATION_COMMENTS = YES;
				CLANG_WARN_EMPTY_BODY = YES;
				CLANG_WARN_ENUM_CONVERSION = YES;
				CLANG_WARN_INFINITE_RECURSION = YES;
				CLANG_WARN_INT_CONVERSION = YES;
				CLANG_WARN_NON_LITERAL_NULL_CONVERSION = YES;
				CLANG_WARN_OBJC_IMPLICIT_RETAIN_SELF = YES;
				CLANG_WARN_OBJC_LITERAL_CONVERSION = YES;
				CLANG_WARN_OBJC_ROOT_CLASS = YES_ERROR;
				CLANG_WARN_QUOTED_INCLUDE_IN_FRAMEWORK_HEADER = YES;
				CLANG_WARN_RANGE_LOOP_ANALYSIS = YES;
				CLANG_WARN_STRICT_PROTOTYPES = YES;
				CLANG_WARN_SUSPICIOUS_MOVE = YES;
				CLANG_WARN_UNGUARDED_AVAILABILITY = YES_AGGRESSIVE;
				CLANG_WARN_UNREACHABLE_CODE = YES;
				CLANG_WARN__DUPLICATE_METHOD_MATCH = YES;
				COPY_PHASE_STRIP = NO;
				DEBUG_INFORMATION_FORMAT = "dwarf-with-dsym";
				ENABLE_NS_ASSERTIONS = NO;
				ENABLE_STRICT_OBJC_MSGSEND = YES;
				GCC_C_LANGUAGE_STANDARD = gnu11;
				GCC_NO_COMMON_BLOCKS = YES;
				GCC_WARN_64_TO_32_BIT_CONVERSION = YES;
				GCC_WARN_ABOUT_RETURN_TYPE = YES_ERROR;
				GCC_WARN_UNDECLARED_SELECTOR = YES;
				GCC_WARN_UNINITIALIZED_AUTOS = YES_AGGRESSIVE;
				GCC_WARN_UNUSED_FUNCTION = YES;
				GCC_WARN_UNUSED_VARIABLE = YES;
				IPHONEOS_DEPLOYMENT_TARGET = 16.0;
				MTL_ENABLE_DEBUG_INFO = NO;
				MTL_FAST_MATH = YES;
				SDKROOT = iphoneos;
				SWIFT_COMPILATION_MODE = wholemodule;
				SWIFT_OPTIMIZATION_LEVEL = "-O";
				VALIDATE_PRODUCT = YES;
			};
			name = Release;
		};
		14C1846F2A666FFE00D0FBA1 /* Debug */ = {
			isa = XCBuildConfiguration;
			buildSettings = {
				ASSETCATALOG_COMPILER_APPICON_NAME = AppIcon;
				ASSETCATALOG_COMPILER_GLOBAL_ACCENT_COLOR_NAME = AccentColor;
				CODE_SIGN_STYLE = Automatic;
				CURRENT_PROJECT_VERSION = 1;
				DEVELOPMENT_TEAM = DD66GTY4AT;
				GENERATE_INFOPLIST_FILE = YES;
				INFOPLIST_FILE = hoonflix/Info.plist;
				INFOPLIST_KEY_UIApplicationSupportsIndirectInputEvents = YES;
				INFOPLIST_KEY_UILaunchStoryboardName = LaunchScreen;
				INFOPLIST_KEY_UIMainStoryboardFile = Main;
				INFOPLIST_KEY_UISupportedInterfaceOrientations_iPad = "UIInterfaceOrientationPortrait UIInterfaceOrientationPortraitUpsideDown UIInterfaceOrientationLandscapeLeft UIInterfaceOrientationLandscapeRight";
				INFOPLIST_KEY_UISupportedInterfaceOrientations_iPhone = "UIInterfaceOrientationPortrait UIInterfaceOrientationLandscapeLeft UIInterfaceOrientationLandscapeRight";
				IPHONEOS_DEPLOYMENT_TARGET = 15.0;
				LD_RUNPATH_SEARCH_PATHS = (
					"$(inherited)",
					"@executable_path/Frameworks",
				);
				MARKETING_VERSION = 1.0;
				PRODUCT_BUNDLE_IDENTIFIER = com.raehoon.hoonflix;
				PRODUCT_NAME = "$(TARGET_NAME)";
				SUPPORTED_PLATFORMS = "iphoneos iphonesimulator";
				SUPPORTS_MACCATALYST = NO;
				SUPPORTS_MAC_DESIGNED_FOR_IPHONE_IPAD = NO;
				SWIFT_EMIT_LOC_STRINGS = YES;
				SWIFT_VERSION = 5.0;
				TARGETED_DEVICE_FAMILY = 1;
			};
			name = Debug;
		};
		14C184702A666FFE00D0FBA1 /* Release */ = {
			isa = XCBuildConfiguration;
			buildSettings = {
				ASSETCATALOG_COMPILER_APPICON_NAME = AppIcon;
				ASSETCATALOG_COMPILER_GLOBAL_ACCENT_COLOR_NAME = AccentColor;
				CODE_SIGN_STYLE = Automatic;
				CURRENT_PROJECT_VERSION = 1;
				DEVELOPMENT_TEAM = DD66GTY4AT;
				GENERATE_INFOPLIST_FILE = YES;
				INFOPLIST_FILE = hoonflix/Info.plist;
				INFOPLIST_KEY_UIApplicationSupportsIndirectInputEvents = YES;
				INFOPLIST_KEY_UILaunchStoryboardName = LaunchScreen;
				INFOPLIST_KEY_UIMainStoryboardFile = Main;
				INFOPLIST_KEY_UISupportedInterfaceOrientations_iPad = "UIInterfaceOrientationPortrait UIInterfaceOrientationPortraitUpsideDown UIInterfaceOrientationLandscapeLeft UIInterfaceOrientationLandscapeRight";
				INFOPLIST_KEY_UISupportedInterfaceOrientations_iPhone = "UIInterfaceOrientationPortrait UIInterfaceOrientationLandscapeLeft UIInterfaceOrientationLandscapeRight";
				IPHONEOS_DEPLOYMENT_TARGET = 15.0;
				LD_RUNPATH_SEARCH_PATHS = (
					"$(inherited)",
					"@executable_path/Frameworks",
				);
				MARKETING_VERSION = 1.0;
				PRODUCT_BUNDLE_IDENTIFIER = com.raehoon.hoonflix;
				PRODUCT_NAME = "$(TARGET_NAME)";
				SUPPORTED_PLATFORMS = "iphoneos iphonesimulator";
				SUPPORTS_MACCATALYST = NO;
				SUPPORTS_MAC_DESIGNED_FOR_IPHONE_IPAD = NO;
				SWIFT_EMIT_LOC_STRINGS = YES;
				SWIFT_VERSION = 5.0;
				TARGETED_DEVICE_FAMILY = 1;
			};
			name = Release;
		};
/* End XCBuildConfiguration section */

/* Begin XCConfigurationList section */
		14C184552A666FFC00D0FBA1 /* Build configuration list for PBXProject "hoonflix" */ = {
			isa = XCConfigurationList;
			buildConfigurations = (
				14C1846C2A666FFE00D0FBA1 /* Debug */,
				14C1846D2A666FFE00D0FBA1 /* Release */,
			);
			defaultConfigurationIsVisible = 0;
			defaultConfigurationName = Release;
		};
		14C1846E2A666FFE00D0FBA1 /* Build configuration list for PBXNativeTarget "hoonflix" */ = {
			isa = XCConfigurationList;
			buildConfigurations = (
				14C1846F2A666FFE00D0FBA1 /* Debug */,
				14C184702A666FFE00D0FBA1 /* Release */,
			);
			defaultConfigurationIsVisible = 0;
			defaultConfigurationName = Release;
		};
/* End XCConfigurationList section */
	};
	rootObject = 14C184522A666FFC00D0FBA1 /* Project object */;
}
